
Microsoft Visual Studio Solution File, Format Version 12.00
# Visual Studio Version 16
VisualStudioVersion = 16.0.31105.61
MinimumVisualStudioVersion = 10.0.40219.1
Project("{9A19103F-16F7-4668-BE54-9A1E7A4F7556}") = "F12020.UdpClient", "F12020.UdpClient\F12020.UdpClient.csproj", "{7274F01E-9313-467B-8FCD-D3BE7ECC6963}"
EndProject
Global
	GlobalSection(SolutionConfigurationPlatforms) = preSolution
		Debug|Any CPU = Debug|Any CPU
		Release|Any CPU = Release|Any CPU
	EndGlobalSection
	GlobalSection(ProjectConfigurationPlatforms) = postSolution
		{7274F01E-9313-467B-8FCD-D3BE7ECC6963}.Debug|Any CPU.ActiveCfg = Debug|Any CPU
		{7274F01E-9313-467B-8FCD-D3BE7ECC6963}.Debug|Any CPU.Build.0 = Debug|Any CPU
		{7274F01E-9313-467B-8FCD-D3BE7ECC6963}.Release|Any CPU.ActiveCfg = Release|Any CPU
		{7274F01E-9313-467B-8FCD-D3BE7ECC6963}.Release|Any CPU.Build.0 = Release|Any CPU
	EndGlobalSection
	GlobalSection(SolutionProperties) = preSolution
		HideSolutionNode = FALSE
	EndGlobalSection
	GlobalSection(ExtensibilityGlobals) = postSolution
		SolutionGuid = {1653519D-D835-4CEE-86AF-65014AFD2E5D}
	EndGlobalSection
EndGlobal
